
Microsoft Visual Studio Solution File, Format Version 12.00
# Visual Studio Version 17
VisualStudioVersion = 17.13.35828.75
MinimumVisualStudioVersion = 10.0.40219.1
Project("{2150E333-8FDC-42A3-9474-1A3956D46DE8}") = "src", "src", "{02EA681E-C7D8-13C7-8484-4AC65E1B71E8}"
EndProject
Project("{2150E333-8FDC-42A3-9474-1A3956D46DE8}") = "tests", "tests", "{9032DAD0-15AF-4468-91FA-F41E66075DB4}"
EndProject
Project("{FAE04EC0-301F-11D3-BF4B-00C04F79EFBC}") = "CashFlow.API", "src\CashFlow.API\CashFlow.API.csproj", "{0EE8EBCF-ABA1-48BD-85C0-E4171D370036}"
EndProject
Project("{FAE04EC0-301F-11D3-BF4B-00C04F79EFBC}") = "CashFlow.Domain", "src\CashFlow.Domain\CashFlow.Domain.csproj", "{32BC7EA1-40D1-47FC-8274-E62D0F6E1D98}"
EndProject
Project("{FAE04EC0-301F-11D3-BF4B-00C04F79EFBC}") = "CashFlow.Application", "src\CashFlow.Application\CashFlow.Application.csproj", "{01F8D5EE-5BD4-48BE-BE6E-F35051FD160D}"
EndProject
Project("{FAE04EC0-301F-11D3-BF4B-00C04F79EFBC}") = "CashFlow.Communication", "src\CashFlow.Communication\CashFlow.Communication.csproj", "{2A4372C2-E566-4B35-BA50-5F0998CC2ED7}"
EndProject
Project("{FAE04EC0-301F-11D3-BF4B-00C04F79EFBC}") = "CashFlow.Infrastructure", "src\CashFlow.Infrastructure\CashFlow.Infrastructure.csproj", "{0517C04E-B2C5-48F0-ACBA-160D282001BF}"
EndProject
Project("{FAE04EC0-301F-11D3-BF4B-00C04F79EFBC}") = "CashFlow.Exception", "CashFlow.Exception\CashFlow.Exception.csproj", "{636E62D5-EE5D-4342-B6B6-67A722C54432}"
EndProject
Global
	GlobalSection(SolutionConfigurationPlatforms) = preSolution
		Debug|Any CPU = Debug|Any CPU
		Release|Any CPU = Release|Any CPU
	EndGlobalSection
	GlobalSection(ProjectConfigurationPlatforms) = postSolution
		{0EE8EBCF-ABA1-48BD-85C0-E4171D370036}.Debug|Any CPU.ActiveCfg = Debug|Any CPU
		{0EE8EBCF-ABA1-48BD-85C0-E4171D370036}.Debug|Any CPU.Build.0 = Debug|Any CPU
		{0EE8EBCF-ABA1-48BD-85C0-E4171D370036}.Release|Any CPU.ActiveCfg = Release|Any CPU
		{0EE8EBCF-ABA1-48BD-85C0-E4171D370036}.Release|Any CPU.Build.0 = Release|Any CPU
		{32BC7EA1-40D1-47FC-8274-E62D0F6E1D98}.Debug|Any CPU.ActiveCfg = Debug|Any CPU
		{32BC7EA1-40D1-47FC-8274-E62D0F6E1D98}.Debug|Any CPU.Build.0 = Debug|Any CPU
		{32BC7EA1-40D1-47FC-8274-E62D0F6E1D98}.Release|Any CPU.ActiveCfg = Release|Any CPU
		{32BC7EA1-40D1-47FC-8274-E62D0F6E1D98}.Release|Any CPU.Build.0 = Release|Any CPU
		{01F8D5EE-5BD4-48BE-BE6E-F35051FD160D}.Debug|Any CPU.ActiveCfg = Debug|Any CPU
		{01F8D5EE-5BD4-48BE-BE6E-F35051FD160D}.Debug|Any CPU.Build.0 = Debug|Any CPU
		{01F8D5EE-5BD4-48BE-BE6E-F35051FD160D}.Release|Any CPU.ActiveCfg = Release|Any CPU
		{01F8D5EE-5BD4-48BE-BE6E-F35051FD160D}.Release|Any CPU.Build.0 = Release|Any CPU
		{2A4372C2-E566-4B35-BA50-5F0998CC2ED7}.Debug|Any CPU.ActiveCfg = Debug|Any CPU
		{2A4372C2-E566-4B35-BA50-5F0998CC2ED7}.Debug|Any CPU.Build.0 = Debug|Any CPU
		{2A4372C2-E566-4B35-BA50-5F0998CC2ED7}.Release|Any CPU.ActiveCfg = Release|Any CPU
		{2A4372C2-E566-4B35-BA50-5F0998CC2ED7}.Release|Any CPU.Build.0 = Release|Any CPU
		{0517C04E-B2C5-48F0-ACBA-160D282001BF}.Debug|Any CPU.ActiveCfg = Debug|Any CPU
		{0517C04E-B2C5-48F0-ACBA-160D282001BF}.Debug|Any CPU.Build.0 = Debug|Any CPU
		{0517C04E-B2C5-48F0-ACBA-160D282001BF}.Release|Any CPU.ActiveCfg = Release|Any CPU
		{0517C04E-B2C5-48F0-ACBA-160D282001BF}.Release|Any CPU.Build.0 = Release|Any CPU
		{636E62D5-EE5D-4342-B6B6-67A722C54432}.Debug|Any CPU.ActiveCfg = Debug|Any CPU
		{636E62D5-EE5D-4342-B6B6-67A722C54432}.Debug|Any CPU.Build.0 = Debug|Any CPU
		{636E62D5-EE5D-4342-B6B6-67A722C54432}.Release|Any CPU.ActiveCfg = Release|Any CPU
		{636E62D5-EE5D-4342-B6B6-67A722C54432}.Release|Any CPU.Build.0 = Release|Any CPU
	EndGlobalSection
	GlobalSection(SolutionProperties) = preSolution
		HideSolutionNode = FALSE
	EndGlobalSection
	GlobalSection(NestedProjects) = preSolution
		{0EE8EBCF-ABA1-48BD-85C0-E4171D370036} = {02EA681E-C7D8-13C7-8484-4AC65E1B71E8}
		{32BC7EA1-40D1-47FC-8274-E62D0F6E1D98} = {02EA681E-C7D8-13C7-8484-4AC65E1B71E8}
		{01F8D5EE-5BD4-48BE-BE6E-F35051FD160D} = {02EA681E-C7D8-13C7-8484-4AC65E1B71E8}
		{2A4372C2-E566-4B35-BA50-5F0998CC2ED7} = {02EA681E-C7D8-13C7-8484-4AC65E1B71E8}
		{0517C04E-B2C5-48F0-ACBA-160D282001BF} = {02EA681E-C7D8-13C7-8484-4AC65E1B71E8}
		{636E62D5-EE5D-4342-B6B6-67A722C54432} = {02EA681E-C7D8-13C7-8484-4AC65E1B71E8}
	EndGlobalSection
	GlobalSection(ExtensibilityGlobals) = postSolution
		SolutionGuid = {8A0D16C8-FFDE-425A-87EC-A26EF9D0771F}
	EndGlobalSection
EndGlobal
